
Microsoft Visual Studio Solution File, Format Version 12.00
# Visual Studio Version 16
VisualStudioVersion = 16.0.31515.178
MinimumVisualStudioVersion = 10.0.40219.1
Project("{FAE04EC0-301F-11D3-BF4B-00C04F79EFBC}") = "vetores 2.0", "vetores 2.0\vetores 2.0.csproj", "{7BD9F8EA-8E94-4817-B285-E9500C3A36DB}"
EndProject
Global
	GlobalSection(SolutionConfigurationPlatforms) = preSolution
		Debug|Any CPU = Debug|Any CPU
		Release|Any CPU = Release|Any CPU
	EndGlobalSection
	GlobalSection(ProjectConfigurationPlatforms) = postSolution
		{7BD9F8EA-8E94-4817-B285-E9500C3A36DB}.Debug|Any CPU.ActiveCfg = Debug|Any CPU
		{7BD9F8EA-8E94-4817-B285-E9500C3A36DB}.Debug|Any CPU.Build.0 = Debug|Any CPU
		{7BD9F8EA-8E94-4817-B285-E9500C3A36DB}.Release|Any CPU.ActiveCfg = Release|Any CPU
		{7BD9F8EA-8E94-4817-B285-E9500C3A36DB}.Release|Any CPU.Build.0 = Release|Any CPU
	EndGlobalSection
	GlobalSection(SolutionProperties) = preSolution
		HideSolutionNode = FALSE
	EndGlobalSection
	GlobalSection(ExtensibilityGlobals) = postSolution
		SolutionGuid = {281ACF95-815F-4F40-B8C8-4795AB1B701E}
	EndGlobalSection
EndGlobal
